
Microsoft Visual Studio Solution File, Format Version 12.00
# Visual Studio Version 17
VisualStudioVersion = 17.9.34607.119
MinimumVisualStudioVersion = 10.0.40219.1
Project("{8BC9CEB8-8B4A-11D0-8D11-00A0C91BC942}") = "PointerdanFriendclass_0200", "PointerdanFriendclass_0200.vcxproj", "{1B66D92A-A6B3-45C6-8084-2A9F92BDFA9E}"
EndProject
Project("{8BC9CEB8-8B4A-11D0-8D11-00A0C91BC942}") = "kedua", "kedua\kedua.vcxproj", "{A290014C-46DB-4167-A46D-A53C9D1EE9F1}"
EndProject
Project("{8BC9CEB8-8B4A-11D0-8D11-00A0C91BC942}") = "FriendFungsi", "FriendFungsi\FriendFungsi.vcxproj", "{FC777CB4-07DE-4AA4-916E-944E181F4282}"
EndProject
Project("{8BC9CEB8-8B4A-11D0-8D11-00A0C91BC942}") = "yangke4", "yangke4\yangke4.vcxproj", "{273B8297-F3B0-4A39-8504-8AA848E8EFF8}"
EndProject
Global
	GlobalSection(SolutionConfigurationPlatforms) = preSolution
		Debug|x64 = Debug|x64
		Debug|x86 = Debug|x86
		Release|x64 = Release|x64
		Release|x86 = Release|x86
	EndGlobalSection
	GlobalSection(ProjectConfigurationPlatforms) = postSolution
		{1B66D92A-A6B3-45C6-8084-2A9F92BDFA9E}.Debug|x64.ActiveCfg = Debug|x64
		{1B66D92A-A6B3-45C6-8084-2A9F92BDFA9E}.Debug|x64.Build.0 = Debug|x64
		{1B66D92A-A6B3-45C6-8084-2A9F92BDFA9E}.Debug|x86.ActiveCfg = Debug|Win32
		{1B66D92A-A6B3-45C6-8084-2A9F92BDFA9E}.Debug|x86.Build.0 = Debug|Win32
		{1B66D92A-A6B3-45C6-8084-2A9F92BDFA9E}.Release|x64.ActiveCfg = Release|x64
		{1B66D92A-A6B3-45C6-8084-2A9F92BDFA9E}.Release|x64.Build.0 = Release|x64
		{1B66D92A-A6B3-45C6-8084-2A9F92BDFA9E}.Release|x86.ActiveCfg = Release|Win32
		{1B66D92A-A6B3-45C6-8084-2A9F92BDFA9E}.Release|x86.Build.0 = Release|Win32
		{A290014C-46DB-4167-A46D-A53C9D1EE9F1}.Debug|x64.ActiveCfg = Debug|x64
		{A290014C-46DB-4167-A46D-A53C9D1EE9F1}.Debug|x64.Build.0 = Debug|x64
		{A290014C-46DB-4167-A46D-A53C9D1EE9F1}.Debug|x86.ActiveCfg = Debug|Win32
		{A290014C-46DB-4167-A46D-A53C9D1EE9F1}.Debug|x86.Build.0 = Debug|Win32
		{A290014C-46DB-4167-A46D-A53C9D1EE9F1}.Release|x64.ActiveCfg = Release|x64
		{A290014C-46DB-4167-A46D-A53C9D1EE9F1}.Release|x64.Build.0 = Release|x64
		{A290014C-46DB-4167-A46D-A53C9D1EE9F1}.Release|x86.ActiveCfg = Release|Win32
		{A290014C-46DB-4167-A46D-A53C9D1EE9F1}.Release|x86.Build.0 = Release|Win32
		{FC777CB4-07DE-4AA4-916E-944E181F4282}.Debug|x64.ActiveCfg = Debug|x64
		{FC777CB4-07DE-4AA4-916E-944E181F4282}.Debug|x64.Build.0 = Debug|x64
		{FC777CB4-07DE-4AA4-916E-944E181F4282}.Debug|x86.ActiveCfg = Debug|Win32
		{FC777CB4-07DE-4AA4-916E-944E181F4282}.Debug|x86.Build.0 = Debug|Win32
		{FC777CB4-07DE-4AA4-916E-944E181F4282}.Release|x64.ActiveCfg = Release|x64
		{FC777CB4-07DE-4AA4-916E-944E181F4282}.Release|x64.Build.0 = Release|x64
		{FC777CB4-07DE-4AA4-916E-944E181F4282}.Release|x86.ActiveCfg = Release|Win32
		{FC777CB4-07DE-4AA4-916E-944E181F4282}.Release|x86.Build.0 = Release|Win32
		{273B8297-F3B0-4A39-8504-8AA848E8EFF8}.Debug|x64.ActiveCfg = Debug|x64
		{273B8297-F3B0-4A39-8504-8AA848E8EFF8}.Debug|x64.Build.0 = Debug|x64
		{273B8297-F3B0-4A39-8504-8AA848E8EFF8}.Debug|x86.ActiveCfg = Debug|Win32
		{273B8297-F3B0-4A39-8504-8AA848E8EFF8}.Debug|x86.Build.0 = Debug|Win32
		{273B8297-F3B0-4A39-8504-8AA848E8EFF8}.Release|x64.ActiveCfg = Release|x64
		{273B8297-F3B0-4A39-8504-8AA848E8EFF8}.Release|x64.Build.0 = Release|x64
		{273B8297-F3B0-4A39-8504-8AA848E8EFF8}.Release|x86.ActiveCfg = Release|Win32
		{273B8297-F3B0-4A39-8504-8AA848E8EFF8}.Release|x86.Build.0 = Release|Win32
	EndGlobalSection
	GlobalSection(SolutionProperties) = preSolution
		HideSolutionNode = FALSE
	EndGlobalSection
	GlobalSection(ExtensibilityGlobals) = postSolution
		SolutionGuid = {F8E1F08C-3CBE-4CFD-875D-74B934C4FF41}
	EndGlobalSection
EndGlobal
